<?xml version="1.0" encoding="utf-8"?>
<Project ToolsVersion="4.0" xmlns="http://schemas.microsoft.com/developer/msbuild/2003">
  <ItemGroup>
    <Filter Include="Source Files">
      <UniqueIdentifier>{4FC737F1-C7A5-4376-A066-2A32D752A2FF}</UniqueIdentifier>
      <Extensions>cpp;c;cc;cxx;def;odl;idl;hpj;bat;asm;asmx</Extensions>
    </Filter>
    <Filter Include="Header Files">
      <UniqueIdentifier>{93995380-89BD-4b04-88EB-625FBE52EBFB}</UniqueIdentifier>
      <Extensions>h;hpp;hxx;hm;inl;inc;xsd</Extensions>
    </Filter>
    <Filter Include="Resource Files">
      <UniqueIdentifier>{67DA6AB6-F800-4c08-8B7A-83BB121AAD01}</UniqueIdentifier>
      <Extensions>rc;ico;cur;bmp;dlg;rc2;rct;bin;rgs;gif;jpg;jpeg;jpe;resx;tiff;tif;png;wav;mfcribbon-ms</Extensions>
    </Filter>
  </ItemGroup>
  <ItemGroup>
    <ClCompile Include="cryptopp562\3way.cpp">
      <Filter>Source Files</Filter>
    </ClCompile>
    <ClCompile Include="cryptopp562\adler32.cpp">
      <Filter>Source Files</Filter>
    </ClCompile>
    <ClCompile Include="cryptopp562\algebra.cpp">
      <Filter>Source Files</Filter>
    </ClCompile>
    <ClCompile Include="cryptopp562\algparam.cpp">
      <Filter>Source Files</Filter>
    </ClCompile>
    <ClCompile Include="cryptopp562\arc4.cpp">
      <Filter>Source Files</Filter>
    </ClCompile>
    <ClCompile Include="cryptopp562\asn.cpp">
      <Filter>Source Files</Filter>
    </ClCompile>
    <ClCompile Include="cryptopp562\authenc.cpp">
      <Filter>Source Files</Filter>
    </ClCompile>
    <ClCompile Include="cryptopp562\base32.cpp">
      <Filter>Source Files</Filter>
    </ClCompile>
    <ClCompile Include="cryptopp562\base64.cpp">
      <Filter>Source Files</Filter>
    </ClCompile>
    <ClCompile Include="cryptopp562\basecode.cpp">
      <Filter>Source Files</Filter>
    </ClCompile>
    <ClCompile Include="cryptopp562\bench.cpp">
      <Filter>Source Files</Filter>
    </ClCompile>
    <ClCompile Include="cryptopp562\bench2.cpp">
      <Filter>Source Files</Filter>
    </ClCompile>
    <ClCompile Include="cryptopp562\bfinit.cpp">
      <Filter>Source Files</Filter>
    </ClCompile>
    <ClCompile Include="cryptopp562\blowfish.cpp">
      <Filter>Source Files</Filter>
    </ClCompile>
    <ClCompile Include="cryptopp562\blumshub.cpp">
      <Filter>Source Files</Filter>
    </ClCompile>
    <ClCompile Include="cryptopp562\camellia.cpp">
      <Filter>Source Files</Filter>
    </ClCompile>
    <ClCompile Include="cryptopp562\cast.cpp">
      <Filter>Source Files</Filter>
    </ClCompile>
    <ClCompile Include="cryptopp562\casts.cpp">
      <Filter>Source Files</Filter>
    </ClCompile>
    <ClCompile Include="cryptopp562\cbcmac.cpp">
      <Filter>Source Files</Filter>
    </ClCompile>
    <ClCompile Include="cryptopp562\ccm.cpp">
      <Filter>Source Files</Filter>
    </ClCompile>
    <ClCompile Include="cryptopp562\channels.cpp">
      <Filter>Source Files</Filter>
    </ClCompile>
    <ClCompile Include="cryptopp562\cmac.cpp">
      <Filter>Source Files</Filter>
    </ClCompile>
    <ClCompile Include="cryptopp562\cpu.cpp">
      <Filter>Source Files</Filter>
    </ClCompile>
    <ClCompile Include="cryptopp562\crc.cpp">
      <Filter>Source Files</Filter>
    </ClCompile>
    <ClCompile Include="cryptopp562\cryptlib.cpp">
      <Filter>Source Files</Filter>
    </ClCompile>
    <ClCompile Include="cryptopp562\cryptlib_bds.cpp">
      <Filter>Source Files</Filter>
    </ClCompile>
    <ClCompile Include="cryptopp562\datatest.cpp">
      <Filter>Source Files</Filter>
    </ClCompile>
    <ClCompile Include="cryptopp562\default.cpp">
      <Filter>Source Files</Filter>
    </ClCompile>
    <ClCompile Include="cryptopp562\des.cpp">
      <Filter>Source Files</Filter>
    </ClCompile>
    <ClCompile Include="cryptopp562\dessp.cpp">
      <Filter>Source Files</Filter>
    </ClCompile>
    <ClCompile Include="cryptopp562\dh.cpp">
      <Filter>Source Files</Filter>
    </ClCompile>
    <ClCompile Include="cryptopp562\dh2.cpp">
      <Filter>Source Files</Filter>
    </ClCompile>
    <ClCompile Include="cryptopp562\dll.cpp">
      <Filter>Source Files</Filter>
    </ClCompile>
    <ClCompile Include="cryptopp562\dlltest.cpp">
      <Filter>Source Files</Filter>
    </ClCompile>
    <ClCompile Include="cryptopp562\dsa.cpp">
      <Filter>Source Files</Filter>
    </ClCompile>
    <ClCompile Include="cryptopp562\eax.cpp">
      <Filter>Source Files</Filter>
    </ClCompile>
    <ClCompile Include="cryptopp562\ec2n.cpp">
      <Filter>Source Files</Filter>
    </ClCompile>
    <ClCompile Include="cryptopp562\eccrypto.cpp">
      <Filter>Source Files</Filter>
    </ClCompile>
    <ClCompile Include="cryptopp562\ecp.cpp">
      <Filter>Source Files</Filter>
    </ClCompile>
    <ClCompile Include="cryptopp562\elgamal.cpp">
      <Filter>Source Files</Filter>
    </ClCompile>
    <ClCompile Include="cryptopp562\emsa2.cpp">
      <Filter>Source Files</Filter>
    </ClCompile>
    <ClCompile Include="cryptopp562\eprecomp.cpp">
      <Filter>Source Files</Filter>
    </ClCompile>
    <ClCompile Include="cryptopp562\esign.cpp">
      <Filter>Source Files</Filter>
    </ClCompile>
    <ClCompile Include="cryptopp562\files.cpp">
      <Filter>Source Files</Filter>
    </ClCompile>
    <ClCompile Include="cryptopp562\filters.cpp">
      <Filter>Source Files</Filter>
    </ClCompile>
    <ClCompile Include="cryptopp562\fips140.cpp">
      <Filter>Source Files</Filter>
    </ClCompile>
    <ClCompile Include="cryptopp562\fipsalgt.cpp">
      <Filter>Source Files</Filter>
    </ClCompile>
    <ClCompile Include="cryptopp562\fipstest.cpp">
      <Filter>Source Files</Filter>
    </ClCompile>
    <ClCompile Include="cryptopp562\gcm.cpp">
      <Filter>Source Files</Filter>
    </ClCompile>
    <ClCompile Include="cryptopp562\gf2_32.cpp">
      <Filter>Source Files</Filter>
    </ClCompile>
    <ClCompile Include="cryptopp562\gf2n.cpp">
      <Filter>Source Files</Filter>
    </ClCompile>
    <ClCompile Include="cryptopp562\gf256.cpp">
      <Filter>Source Files</Filter>
    </ClCompile>
    <ClCompile Include="cryptopp562\gfpcrypt.cpp">
      <Filter>Source Files</Filter>
    </ClCompile>
    <ClCompile Include="cryptopp562\gost.cpp">
      <Filter>Source Files</Filter>
    </ClCompile>
    <ClCompile Include="cryptopp562\gzip.cpp">
      <Filter>Source Files</Filter>
    </ClCompile>
    <ClCompile Include="cryptopp562\hex.cpp">
      <Filter>Source Files</Filter>
    </ClCompile>
    <ClCompile Include="cryptopp562\hmac.cpp">
      <Filter>Source Files</Filter>
    </ClCompile>
    <ClCompile Include="cryptopp562\hrtimer.cpp">
      <Filter>Source Files</Filter>
    </ClCompile>
    <ClCompile Include="cryptopp562\ida.cpp">
      <Filter>Source Files</Filter>
    </ClCompile>
    <ClCompile Include="cryptopp562\idea.cpp">
      <Filter>Source Files</Filter>
    </ClCompile>
    <ClCompile Include="cryptopp562\integer.cpp">
      <Filter>Source Files</Filter>
    </ClCompile>
    <ClCompile Include="cryptopp562\iterhash.cpp">
      <Filter>Source Files</Filter>
    </ClCompile>
    <ClCompile Include="cryptopp562\luc.cpp">
      <Filter>Source Files</Filter>
    </ClCompile>
    <ClCompile Include="cryptopp562\mars.cpp">
      <Filter>Source Files</Filter>
    </ClCompile>
    <ClCompile Include="cryptopp562\marss.cpp">
      <Filter>Source Files</Filter>
    </ClCompile>
    <ClCompile Include="cryptopp562\md2.cpp">
      <Filter>Source Files</Filter>
    </ClCompile>
    <ClCompile Include="cryptopp562\md4.cpp">
      <Filter>Source Files</Filter>
    </ClCompile>
    <ClCompile Include="cryptopp562\md5.cpp">
      <Filter>Source Files</Filter>
    </ClCompile>
    <ClCompile Include="cryptopp562\misc.cpp">
      <Filter>Source Files</Filter>
    </ClCompile>
    <ClCompile Include="cryptopp562\modes.cpp">
      <Filter>Source Files</Filter>
    </ClCompile>
    <ClCompile Include="cryptopp562\mqueue.cpp">
      <Filter>Source Files</Filter>
    </ClCompile>
    <ClCompile Include="cryptopp562\mqv.cpp">
      <Filter>Source Files</Filter>
    </ClCompile>
    <ClCompile Include="cryptopp562\nbtheory.cpp">
      <Filter>Source Files</Filter>
    </ClCompile>
    <ClCompile Include="cryptopp562\network.cpp">
      <Filter>Source Files</Filter>
    </ClCompile>
    <ClCompile Include="cryptopp562\oaep.cpp">
      <Filter>Source Files</Filter>
    </ClCompile>
    <ClCompile Include="cryptopp562\osrng.cpp">
      <Filter>Source Files</Filter>
    </ClCompile>
    <ClCompile Include="cryptopp562\panama.cpp">
      <Filter>Source Files</Filter>
    </ClCompile>
    <ClCompile Include="cryptopp562\pch.cpp">
      <Filter>Source Files</Filter>
    </ClCompile>
    <ClCompile Include="cryptopp562\pkcspad.cpp">
      <Filter>Source Files</Filter>
    </ClCompile>
    <ClCompile Include="cryptopp562\polynomi.cpp">
      <Filter>Source Files</Filter>
    </ClCompile>
    <ClCompile Include="cryptopp562\pssr.cpp">
      <Filter>Source Files</Filter>
    </ClCompile>
    <ClCompile Include="cryptopp562\pubkey.cpp">
      <Filter>Source Files</Filter>
    </ClCompile>
    <ClCompile Include="cryptopp562\queue.cpp">
      <Filter>Source Files</Filter>
    </ClCompile>
    <ClCompile Include="cryptopp562\rabin.cpp">
      <Filter>Source Files</Filter>
    </ClCompile>
    <ClCompile Include="cryptopp562\randpool.cpp">
      <Filter>Source Files</Filter>
    </ClCompile>
    <ClCompile Include="cryptopp562\rc2.cpp">
      <Filter>Source Files</Filter>
    </ClCompile>
    <ClCompile Include="cryptopp562\rc5.cpp">
      <Filter>Source Files</Filter>
    </ClCompile>
    <ClCompile Include="cryptopp562\rc6.cpp">
      <Filter>Source Files</Filter>
    </ClCompile>
    <ClCompile Include="cryptopp562\rdtables.cpp">
      <Filter>Source Files</Filter>
    </ClCompile>
    <ClCompile Include="cryptopp562\regtest.cpp">
      <Filter>Source Files</Filter>
    </ClCompile>
    <ClCompile Include="cryptopp562\rijndael.cpp">
      <Filter>Source Files</Filter>
    </ClCompile>
    <ClCompile Include="cryptopp562\ripemd.cpp">
      <Filter>Source Files</Filter>
    </ClCompile>
    <ClCompile Include="cryptopp562\rng.cpp">
      <Filter>Source Files</Filter>
    </ClCompile>
    <ClCompile Include="cryptopp562\rsa.cpp">
      <Filter>Source Files</Filter>
    </ClCompile>
    <ClCompile Include="cryptopp562\rw.cpp">
      <Filter>Source Files</Filter>
    </ClCompile>
    <ClCompile Include="cryptopp562\safer.cpp">
      <Filter>Source Files</Filter>
    </ClCompile>
    <ClCompile Include="cryptopp562\salsa.cpp">
      <Filter>Source Files</Filter>
    </ClCompile>
    <ClCompile Include="cryptopp562\seal.cpp">
      <Filter>Source Files</Filter>
    </ClCompile>
    <ClCompile Include="cryptopp562\seed.cpp">
      <Filter>Source Files</Filter>
    </ClCompile>
    <ClCompile Include="cryptopp562\serpent.cpp">
      <Filter>Source Files</Filter>
    </ClCompile>
    <ClCompile Include="cryptopp562\sha.cpp">
      <Filter>Source Files</Filter>
    </ClCompile>
    <ClCompile Include="cryptopp562\sha3.cpp">
      <Filter>Source Files</Filter>
    </ClCompile>
    <ClCompile Include="cryptopp562\shacal2.cpp">
      <Filter>Source Files</Filter>
    </ClCompile>
    <ClCompile Include="cryptopp562\shark.cpp">
      <Filter>Source Files</Filter>
    </ClCompile>
    <ClCompile Include="cryptopp562\sharkbox.cpp">
      <Filter>Source Files</Filter>
    </ClCompile>
    <ClCompile Include="cryptopp562\simple.cpp">
      <Filter>Source Files</Filter>
    </ClCompile>
    <ClCompile Include="cryptopp562\skipjack.cpp">
      <Filter>Source Files</Filter>
    </ClCompile>
    <ClCompile Include="cryptopp562\socketft.cpp">
      <Filter>Source Files</Filter>
    </ClCompile>
    <ClCompile Include="cryptopp562\sosemanuk.cpp">
      <Filter>Source Files</Filter>
    </ClCompile>
    <ClCompile Include="cryptopp562\square.cpp">
      <Filter>Source Files</Filter>
    </ClCompile>
    <ClCompile Include="cryptopp562\squaretb.cpp">
      <Filter>Source Files</Filter>
    </ClCompile>
    <ClCompile Include="cryptopp562\strciphr.cpp">
      <Filter>Source Files</Filter>
    </ClCompile>
    <ClCompile Include="cryptopp562\tea.cpp">
      <Filter>Source Files</Filter>
    </ClCompile>
    <ClCompile Include="cryptopp562\test.cpp">
      <Filter>Source Files</Filter>
    </ClCompile>
    <ClCompile Include="cryptopp562\tftables.cpp">
      <Filter>Source Files</Filter>
    </ClCompile>
    <ClCompile Include="cryptopp562\tiger.cpp">
      <Filter>Source Files</Filter>
    </ClCompile>
    <ClCompile Include="cryptopp562\tigertab.cpp">
      <Filter>Source Files</Filter>
    </ClCompile>
    <ClCompile Include="cryptopp562\trdlocal.cpp">
      <Filter>Source Files</Filter>
    </ClCompile>
    <ClCompile Include="cryptopp562\ttmac.cpp">
      <Filter>Source Files</Filter>
    </ClCompile>
    <ClCompile Include="cryptopp562\twofish.cpp">
      <Filter>Source Files</Filter>
    </ClCompile>
    <ClCompile Include="cryptopp562\validat1.cpp">
      <Filter>Source Files</Filter>
    </ClCompile>
    <ClCompile Include="cryptopp562\validat2.cpp">
      <Filter>Source Files</Filter>
    </ClCompile>
    <ClCompile Include="cryptopp562\validat3.cpp">
      <Filter>Source Files</Filter>
    </ClCompile>
    <ClCompile Include="cryptopp562\vmac.cpp">
      <Filter>Source Files</Filter>
    </ClCompile>
    <ClCompile Include="cryptopp562\wait.cpp">
      <Filter>Source Files</Filter>
    </ClCompile>
    <ClCompile Include="cryptopp562\wake.cpp">
      <Filter>Source Files</Filter>
    </ClCompile>
    <ClCompile Include="cryptopp562\whrlpool.cpp">
      <Filter>Source Files</Filter>
    </ClCompile>
    <ClCompile Include="cryptopp562\winpipes.cpp">
      <Filter>Source Files</Filter>
    </ClCompile>
    <ClCompile Include="cryptopp562\xtr.cpp">
      <Filter>Source Files</Filter>
    </ClCompile>
    <ClCompile Include="cryptopp562\xtrcrypt.cpp">
      <Filter>Source Files</Filter>
    </ClCompile>
    <ClCompile Include="cryptopp562\zdeflate.cpp">
      <Filter>Source Files</Filter>
    </ClCompile>
    <ClCompile Include="cryptopp562\zinflate.cpp">
      <Filter>Source Files</Filter>
    </ClCompile>
    <ClCompile Include="cryptopp562\zlib.cpp">
      <Filter>Source Files</Filter>
    </ClCompile>
  </ItemGroup>
  <ItemGroup>
    <ClInclude Include="cryptopp562\3way.h">
      <Filter>Header Files</Filter>
    </ClInclude>
    <ClInclude Include="cryptopp562\adler32.h">
      <Filter>Header Files</Filter>
    </ClInclude>
    <ClInclude Include="cryptopp562\aes.h">
      <Filter>Header Files</Filter>
    </ClInclude>
    <ClInclude Include="cryptopp562\algebra.h">
      <Filter>Header Files</Filter>
    </ClInclude>
    <ClInclude Include="cryptopp562\algparam.h">
      <Filter>Header Files</Filter>
    </ClInclude>
    <ClInclude Include="cryptopp562\arc4.h">
      <Filter>Header Files</Filter>
    </ClInclude>
    <ClInclude Include="cryptopp562\argnames.h">
      <Filter>Header Files</Filter>
    </ClInclude>
    <ClInclude Include="cryptopp562\asn.h">
      <Filter>Header Files</Filter>
    </ClInclude>
    <ClInclude Include="cryptopp562\authenc.h">
      <Filter>Header Files</Filter>
    </ClInclude>
    <ClInclude Include="cryptopp562\base32.h">
      <Filter>Header Files</Filter>
    </ClInclude>
    <ClInclude Include="cryptopp562\base64.h">
      <Filter>Header Files</Filter>
    </ClInclude>
    <ClInclude Include="cryptopp562\basecode.h">
      <Filter>Header Files</Filter>
    </ClInclude>
    <ClInclude Include="cryptopp562\bench.h">
      <Filter>Header Files</Filter>
    </ClInclude>
    <ClInclude Include="cryptopp562\blowfish.h">
      <Filter>Header Files</Filter>
    </ClInclude>
    <ClInclude Include="cryptopp562\blumshub.h">
      <Filter>Header Files</Filter>
    </ClInclude>
    <ClInclude Include="cryptopp562\camellia.h">
      <Filter>Header Files</Filter>
    </ClInclude>
    <ClInclude Include="cryptopp562\cast.h">
      <Filter>Header Files</Filter>
    </ClInclude>
    <ClInclude Include="cryptopp562\cbcmac.h">
      <Filter>Header Files</Filter>
    </ClInclude>
    <ClInclude Include="cryptopp562\ccm.h">
      <Filter>Header Files</Filter>
    </ClInclude>
    <ClInclude Include="cryptopp562\channels.h">
      <Filter>Header Files</Filter>
    </ClInclude>
    <ClInclude Include="cryptopp562\cmac.h">
      <Filter>Header Files</Filter>
    </ClInclude>
    <ClInclude Include="cryptopp562\config.h">
      <Filter>Header Files</Filter>
    </ClInclude>
    <ClInclude Include="cryptopp562\cpu.h">
      <Filter>Header Files</Filter>
    </ClInclude>
    <ClInclude Include="cryptopp562\crc.h">
      <Filter>Header Files</Filter>
    </ClInclude>
    <ClInclude Include="cryptopp562\cryptlib.h">
      <Filter>Header Files</Filter>
    </ClInclude>
    <ClInclude Include="cryptopp562\default.h">
      <Filter>Header Files</Filter>
    </ClInclude>
    <ClInclude Include="cryptopp562\des.h">
      <Filter>Header Files</Filter>
    </ClInclude>
    <ClInclude Include="cryptopp562\dh.h">
      <Filter>Header Files</Filter>
    </ClInclude>
    <ClInclude Include="cryptopp562\dh2.h">
      <Filter>Header Files</Filter>
    </ClInclude>
    <ClInclude Include="cryptopp562\dll.h">
      <Filter>Header Files</Filter>
    </ClInclude>
    <ClInclude Include="cryptopp562\dmac.h">
      <Filter>Header Files</Filter>
    </ClInclude>
    <ClInclude Include="cryptopp562\dsa.h">
      <Filter>Header Files</Filter>
    </ClInclude>
    <ClInclude Include="cryptopp562\eax.h">
      <Filter>Header Files</Filter>
    </ClInclude>
    <ClInclude Include="cryptopp562\ec2n.h">
      <Filter>Header Files</Filter>
    </ClInclude>
    <ClInclude Include="cryptopp562\eccrypto.h">
      <Filter>Header Files</Filter>
    </ClInclude>
    <ClInclude Include="cryptopp562\ecp.h">
      <Filter>Header Files</Filter>
    </ClInclude>
    <ClInclude Include="cryptopp562\elgamal.h">
      <Filter>Header Files</Filter>
    </ClInclude>
    <ClInclude Include="cryptopp562\emsa2.h">
      <Filter>Header Files</Filter>
    </ClInclude>
    <ClInclude Include="cryptopp562\eprecomp.h">
      <Filter>Header Files</Filter>
    </ClInclude>
    <ClInclude Include="cryptopp562\esign.h">
      <Filter>Header Files</Filter>
    </ClInclude>
    <ClInclude Include="cryptopp562\factory.h">
      <Filter>Header Files</Filter>
    </ClInclude>
    <ClInclude Include="cryptopp562\files.h">
      <Filter>Header Files</Filter>
    </ClInclude>
    <ClInclude Include="cryptopp562\filters.h">
      <Filter>Header Files</Filter>
    </ClInclude>
    <ClInclude Include="cryptopp562\fips140.h">
      <Filter>Header Files</Filter>
    </ClInclude>
    <ClInclude Include="cryptopp562\fltrimpl.h">
      <Filter>Header Files</Filter>
    </ClInclude>
    <ClInclude Include="cryptopp562\gcm.h">
      <Filter>Header Files</Filter>
    </ClInclude>
    <ClInclude Include="cryptopp562\gf2_32.h">
      <Filter>Header Files</Filter>
    </ClInclude>
    <ClInclude Include="cryptopp562\gf2n.h">
      <Filter>Header Files</Filter>
    </ClInclude>
    <ClInclude Include="cryptopp562\gf256.h">
      <Filter>Header Files</Filter>
    </ClInclude>
    <ClInclude Include="cryptopp562\gfpcrypt.h">
      <Filter>Header Files</Filter>
    </ClInclude>
    <ClInclude Include="cryptopp562\gost.h">
      <Filter>Header Files</Filter>
    </ClInclude>
    <ClInclude Include="cryptopp562\gzip.h">
      <Filter>Header Files</Filter>
    </ClInclude>
    <ClInclude Include="cryptopp562\hex.h">
      <Filter>Header Files</Filter>
    </ClInclude>
    <ClInclude Include="cryptopp562\hmac.h">
      <Filter>Header Files</Filter>
    </ClInclude>
    <ClInclude Include="cryptopp562\hrtimer.h">
      <Filter>Header Files</Filter>
    </ClInclude>
    <ClInclude Include="cryptopp562\ida.h">
      <Filter>Header Files</Filter>
    </ClInclude>
    <ClInclude Include="cryptopp562\idea.h">
      <Filter>Header Files</Filter>
    </ClInclude>
    <ClInclude Include="cryptopp562\integer.h">
      <Filter>Header Files</Filter>
    </ClInclude>
    <ClInclude Include="cryptopp562\iterhash.h">
      <Filter>Header Files</Filter>
    </ClInclude>
    <ClInclude Include="cryptopp562\lubyrack.h">
      <Filter>Header Files</Filter>
    </ClInclude>
    <ClInclude Include="cryptopp562\luc.h">
      <Filter>Header Files</Filter>
    </ClInclude>
    <ClInclude Include="cryptopp562\mars.h">
      <Filter>Header Files</Filter>
    </ClInclude>
    <ClInclude Include="cryptopp562\md2.h">
      <Filter>Header Files</Filter>
    </ClInclude>
    <ClInclude Include="cryptopp562\md4.h">
      <Filter>Header Files</Filter>
    </ClInclude>
    <ClInclude Include="cryptopp562\md5.h">
      <Filter>Header Files</Filter>
    </ClInclude>
    <ClInclude Include="cryptopp562\mdc.h">
      <Filter>Header Files</Filter>
    </ClInclude>
    <ClInclude Include="cryptopp562\misc.h">
      <Filter>Header Files</Filter>
    </ClInclude>
    <ClInclude Include="cryptopp562\modarith.h">
      <Filter>Header Files</Filter>
    </ClInclude>
    <ClInclude Include="cryptopp562\modes.h">
      <Filter>Header Files</Filter>
    </ClInclude>
    <ClInclude Include="cryptopp562\modexppc.h">
      <Filter>Header Files</Filter>
    </ClInclude>
    <ClInclude Include="cryptopp562\mqueue.h">
      <Filter>Header Files</Filter>
    </ClInclude>
    <ClInclude Include="cryptopp562\mqv.h">
      <Filter>Header Files</Filter>
    </ClInclude>
    <ClInclude Include="cryptopp562\nbtheory.h">
      <Filter>Header Files</Filter>
    </ClInclude>
    <ClInclude Include="cryptopp562\network.h">
      <Filter>Header Files</Filter>
    </ClInclude>
    <ClInclude Include="cryptopp562\nr.h">
      <Filter>Header Files</Filter>
    </ClInclude>
    <ClInclude Include="cryptopp562\oaep.h">
      <Filter>Header Files</Filter>
    </ClInclude>
    <ClInclude Include="cryptopp562\oids.h">
      <Filter>Header Files</Filter>
    </ClInclude>
    <ClInclude Include="cryptopp562\osrng.h">
      <Filter>Header Files</Filter>
    </ClInclude>
    <ClInclude Include="cryptopp562\panama.h">
      <Filter>Header Files</Filter>
    </ClInclude>
    <ClInclude Include="cryptopp562\pch.h">
      <Filter>Header Files</Filter>
    </ClInclude>
    <ClInclude Include="cryptopp562\pkcspad.h">
      <Filter>Header Files</Filter>
    </ClInclude>
    <ClInclude Include="cryptopp562\polynomi.h">
      <Filter>Header Files</Filter>
    </ClInclude>
    <ClInclude Include="cryptopp562\pssr.h">
      <Filter>Header Files</Filter>
    </ClInclude>
    <ClInclude Include="cryptopp562\pubkey.h">
      <Filter>Header Files</Filter>
    </ClInclude>
    <ClInclude Include="cryptopp562\pwdbased.h">
      <Filter>Header Files</Filter>
    </ClInclude>
    <ClInclude Include="cryptopp562\queue.h">
      <Filter>Header Files</Filter>
    </ClInclude>
    <ClInclude Include="cryptopp562\rabin.h">
      <Filter>Header Files</Filter>
    </ClInclude>
    <ClInclude Include="cryptopp562\randpool.h">
      <Filter>Header Files</Filter>
    </ClInclude>
    <ClInclude Include="cryptopp562\rc2.h">
      <Filter>Header Files</Filter>
    </ClInclude>
    <ClInclude Include="cryptopp562\rc5.h">
      <Filter>Header Files</Filter>
    </ClInclude>
    <ClInclude Include="cryptopp562\rc6.h">
      <Filter>Header Files</Filter>
    </ClInclude>
    <ClInclude Include="cryptopp562\resource.h">
      <Filter>Header Files</Filter>
    </ClInclude>
    <ClInclude Include="cryptopp562\rijndael.h">
      <Filter>Header Files</Filter>
    </ClInclude>
    <ClInclude Include="cryptopp562\ripemd.h">
      <Filter>Header Files</Filter>
    </ClInclude>
    <ClInclude Include="cryptopp562\rng.h">
      <Filter>Header Files</Filter>
    </ClInclude>
    <ClInclude Include="cryptopp562\rsa.h">
      <Filter>Header Files</Filter>
    </ClInclude>
    <ClInclude Include="cryptopp562\rw.h">
      <Filter>Header Files</Filter>
    </ClInclude>
    <ClInclude Include="cryptopp562\safer.h">
      <Filter>Header Files</Filter>
    </ClInclude>
    <ClInclude Include="cryptopp562\salsa.h">
      <Filter>Header Files</Filter>
    </ClInclude>
    <ClInclude Include="cryptopp562\seal.h">
      <Filter>Header Files</Filter>
    </ClInclude>
    <ClInclude Include="cryptopp562\secblock.h">
      <Filter>Header Files</Filter>
    </ClInclude>
    <ClInclude Include="cryptopp562\seckey.h">
      <Filter>Header Files</Filter>
    </ClInclude>
    <ClInclude Include="cryptopp562\seed.h">
      <Filter>Header Files</Filter>
    </ClInclude>
    <ClInclude Include="cryptopp562\serpent.h">
      <Filter>Header Files</Filter>
    </ClInclude>
    <ClInclude Include="cryptopp562\serpentp.h">
      <Filter>Header Files</Filter>
    </ClInclude>
    <ClInclude Include="cryptopp562\sha.h">
      <Filter>Header Files</Filter>
    </ClInclude>
    <ClInclude Include="cryptopp562\sha3.h">
      <Filter>Header Files</Filter>
    </ClInclude>
    <ClInclude Include="cryptopp562\shacal2.h">
      <Filter>Header Files</Filter>
    </ClInclude>
    <ClInclude Include="cryptopp562\shark.h">
      <Filter>Header Files</Filter>
    </ClInclude>
    <ClInclude Include="cryptopp562\simple.h">
      <Filter>Header Files</Filter>
    </ClInclude>
    <ClInclude Include="cryptopp562\skipjack.h">
      <Filter>Header Files</Filter>
    </ClInclude>
    <ClInclude Include="cryptopp562\smartptr.h">
      <Filter>Header Files</Filter>
    </ClInclude>
    <ClInclude Include="cryptopp562\socketft.h">
      <Filter>Header Files</Filter>
    </ClInclude>
    <ClInclude Include="cryptopp562\sosemanuk.h">
      <Filter>Header Files</Filter>
    </ClInclude>
    <ClInclude Include="cryptopp562\square.h">
      <Filter>Header Files</Filter>
    </ClInclude>
    <ClInclude Include="cryptopp562\stdcpp.h">
      <Filter>Header Files</Filter>
    </ClInclude>
    <ClInclude Include="cryptopp562\strciphr.h">
      <Filter>Header Files</Filter>
    </ClInclude>
    <ClInclude Include="cryptopp562\tea.h">
      <Filter>Header Files</Filter>
    </ClInclude>
    <ClInclude Include="cryptopp562\tiger.h">
      <Filter>Header Files</Filter>
    </ClInclude>
    <ClInclude Include="cryptopp562\trdlocal.h">
      <Filter>Header Files</Filter>
    </ClInclude>
    <ClInclude Include="cryptopp562\trunhash.h">
      <Filter>Header Files</Filter>
    </ClInclude>
    <ClInclude Include="cryptopp562\ttmac.h">
      <Filter>Header Files</Filter>
    </ClInclude>
    <ClInclude Include="cryptopp562\twofish.h">
      <Filter>Header Files</Filter>
    </ClInclude>
    <ClInclude Include="cryptopp562\validate.h">
      <Filter>Header Files</Filter>
    </ClInclude>
    <ClInclude Include="cryptopp562\vmac.h">
      <Filter>Header Files</Filter>
    </ClInclude>
    <ClInclude Include="cryptopp562\wait.h">
      <Filter>Header Files</Filter>
    </ClInclude>
    <ClInclude Include="cryptopp562\wake.h">
      <Filter>Header Files</Filter>
    </ClInclude>
    <ClInclude Include="cryptopp562\whrlpool.h">
      <Filter>Header Files</Filter>
    </ClInclude>
    <ClInclude Include="cryptopp562\winpipes.h">
      <Filter>Header Files</Filter>
    </ClInclude>
    <ClInclude Include="cryptopp562\words.h">
      <Filter>Header Files</Filter>
    </ClInclude>
    <ClInclude Include="cryptopp562\xtr.h">
      <Filter>Header Files</Filter>
    </ClInclude>
    <ClInclude Include="cryptopp562\xtrcrypt.h">
      <Filter>Header Files</Filter>
    </ClInclude>
    <ClInclude Include="cryptopp562\zdeflate.h">
      <Filter>Header Files</Filter>
    </ClInclude>
    <ClInclude Include="cryptopp562\zinflate.h">
      <Filter>Header Files</Filter>
    </ClInclude>
    <ClInclude Include="cryptopp562\zlib.h">
      <Filter>Header Files</Filter>
    </ClInclude>
  </ItemGroup>
  <ItemGroup>
    <None Include="cryptopp562\x64dll.asm">
      <Filter>Source Files</Filter>
    </None>
    <None Include="cryptopp562\x64masm.asm">
      <Filter>Source Files</Filter>
    </None>
  </ItemGroup>
</Project>