
Microsoft Visual Studio Solution File, Format Version 11.00
# Visual C++ Express 2010
Project("{8BC9CEB8-8B4A-11D0-8D11-00A0C91BC942}") = "NWNCX Sinfar", "plugins\sinfar\sinfar.vcxproj", "{C3B216EF-0DCA-45F7-A83E-5921E0003109}"
	ProjectSection(ProjectDependencies) = postProject
		{50EDA056-45B2-44D9-81C4-70CB292D178B} = {50EDA056-45B2-44D9-81C4-70CB292D178B}
	EndProjectSection
EndProject
Project("{8BC9CEB8-8B4A-11D0-8D11-00A0C91BC942}") = "libdetours", "libdetours\libdetours.vcxproj", "{50EDA056-45B2-44D9-81C4-70CB292D178B}"
EndProject
Global
	GlobalSection(SolutionConfigurationPlatforms) = preSolution
		Debug|Win32 = Debug|Win32
		Release|Win32 = Release|Win32
	EndGlobalSection
	GlobalSection(ProjectConfigurationPlatforms) = postSolution
		{C3B216EF-0DCA-45F7-A83E-5921E0003109}.Debug|Win32.ActiveCfg = Debug|Win32
		{C3B216EF-0DCA-45F7-A83E-5921E0003109}.Debug|Win32.Build.0 = Debug|Win32
		{C3B216EF-0DCA-45F7-A83E-5921E0003109}.Release|Win32.ActiveCfg = Release|Win32
		{C3B216EF-0DCA-45F7-A83E-5921E0003109}.Release|Win32.Build.0 = Release|Win32
		{50EDA056-45B2-44D9-81C4-70CB292D178B}.Debug|Win32.ActiveCfg = Debug|Win32
		{50EDA056-45B2-44D9-81C4-70CB292D178B}.Debug|Win32.Build.0 = Debug|Win32
		{50EDA056-45B2-44D9-81C4-70CB292D178B}.Release|Win32.ActiveCfg = Release|Win32
		{50EDA056-45B2-44D9-81C4-70CB292D178B}.Release|Win32.Build.0 = Release|Win32
	EndGlobalSection
	GlobalSection(SolutionProperties) = preSolution
		HideSolutionNode = FALSE
	EndGlobalSection
EndGlobal
